
Microsoft Visual Studio Solution File, Format Version 12.00
# Visual Studio Version 16
VisualStudioVersion = 16.0.31019.35
MinimumVisualStudioVersion = 10.0.40219.1
Project("{8BC9CEB8-8B4A-11D0-8D11-00A0C91BC942}") = "Project78", "Project78\Project78.vcxproj", "{1CFBF2DA-63A8-4830-AA36-1B1C25D61E74}"
EndProject
Global
	GlobalSection(SolutionConfigurationPlatforms) = preSolution
		Debug|x64 = Debug|x64
		Debug|x86 = Debug|x86
		Release|x64 = Release|x64
		Release|x86 = Release|x86
	EndGlobalSection
	GlobalSection(ProjectConfigurationPlatforms) = postSolution
		{1CFBF2DA-63A8-4830-AA36-1B1C25D61E74}.Debug|x64.ActiveCfg = Debug|x64
		{1CFBF2DA-63A8-4830-AA36-1B1C25D61E74}.Debug|x64.Build.0 = Debug|x64
		{1CFBF2DA-63A8-4830-AA36-1B1C25D61E74}.Debug|x86.ActiveCfg = Debug|Win32
		{1CFBF2DA-63A8-4830-AA36-1B1C25D61E74}.Debug|x86.Build.0 = Debug|Win32
		{1CFBF2DA-63A8-4830-AA36-1B1C25D61E74}.Release|x64.ActiveCfg = Release|x64
		{1CFBF2DA-63A8-4830-AA36-1B1C25D61E74}.Release|x64.Build.0 = Release|x64
		{1CFBF2DA-63A8-4830-AA36-1B1C25D61E74}.Release|x86.ActiveCfg = Release|Win32
		{1CFBF2DA-63A8-4830-AA36-1B1C25D61E74}.Release|x86.Build.0 = Release|Win32
	EndGlobalSection
	GlobalSection(SolutionProperties) = preSolution
		HideSolutionNode = FALSE
	EndGlobalSection
	GlobalSection(ExtensibilityGlobals) = postSolution
		SolutionGuid = {EC968BC3-29E2-4E9A-8DCF-27B8EE7C5B5B}
	EndGlobalSection
EndGlobal
